
Microsoft Visual Studio Solution File, Format Version 12.00
# Visual Studio Version 17
VisualStudioVersion = 17.2.32630.192
MinimumVisualStudioVersion = 10.0.40219.1
Project("{FAE04EC0-301F-11D3-BF4B-00C04F79EFBC}") = "Al_Quran_Web_App", "Al_Quran_Web_App\Al_Quran_Web_App.csproj", "{23EA0283-5C96-48C4-B63C-630B98CE8D25}"
EndProject
Global
	GlobalSection(SolutionConfigurationPlatforms) = preSolution
		Debug|Any CPU = Debug|Any CPU
		Release|Any CPU = Release|Any CPU
	EndGlobalSection
	GlobalSection(ProjectConfigurationPlatforms) = postSolution
		{23EA0283-5C96-48C4-B63C-630B98CE8D25}.Debug|Any CPU.ActiveCfg = Debug|Any CPU
		{23EA0283-5C96-48C4-B63C-630B98CE8D25}.Debug|Any CPU.Build.0 = Debug|Any CPU
		{23EA0283-5C96-48C4-B63C-630B98CE8D25}.Release|Any CPU.ActiveCfg = Release|Any CPU
		{23EA0283-5C96-48C4-B63C-630B98CE8D25}.Release|Any CPU.Build.0 = Release|Any CPU
	EndGlobalSection
	GlobalSection(SolutionProperties) = preSolution
		HideSolutionNode = FALSE
	EndGlobalSection
	GlobalSection(ExtensibilityGlobals) = postSolution
		SolutionGuid = {3845E7A0-6959-4929-B661-B536EED6FCB1}
	EndGlobalSection
EndGlobal
